// !$*UTF8*$!
{
	archiveVersion = 1;
	classes = {
	};
	objectVersion = 50;
	objects = {

/* Begin PBXBuildFile section */
		FB4FD249237114C2002C2EB6 /* AppDelegate.swift in Sources */ = {isa = PBXBuildFile; fileRef = FB4FD248237114C2002C2EB6 /* AppDelegate.swift */; };
		FB4FD24B237114C2002C2EB6 /* SceneDelegate.swift in Sources */ = {isa = PBXBuildFile; fileRef = FB4FD24A237114C2002C2EB6 /* SceneDelegate.swift */; };
		FB4FD250237114C2002C2EB6 /* Main.storyboard in Resources */ = {isa = PBXBuildFile; fileRef = FB4FD24E237114C2002C2EB6 /* Main.storyboard */; };
		FB4FD252237114C4002C2EB6 /* Assets.xcassets in Resources */ = {isa = PBXBuildFile; fileRef = FB4FD251237114C4002C2EB6 /* Assets.xcassets */; };
		FB4FD255237114C4002C2EB6 /* LaunchScreen.storyboard in Resources */ = {isa = PBXBuildFile; fileRef = FB4FD253237114C4002C2EB6 /* LaunchScreen.storyboard */; };
		FB4FD25D2371156A002C2EB6 /* WordsTableViewController.swift in Sources */ = {isa = PBXBuildFile; fileRef = FB4FD25C2371156A002C2EB6 /* WordsTableViewController.swift */; };
		FB4FD25F237115A1002C2EB6 /* DefinitionViewController.swift in Sources */ = {isa = PBXBuildFile; fileRef = FB4FD25E237115A1002C2EB6 /* DefinitionViewController.swift */; };
		FB4FD26123712903002C2EB6 /* VocabularyWord.swift in Sources */ = {isa = PBXBuildFile; fileRef = FB4FD26023712903002C2EB6 /* VocabularyWord.swift */; };
/* End PBXBuildFile section */

/* Begin PBXFileReference section */
		FB4FD245237114C1002C2EB6 /* SwiftVocabulary.app */ = {isa = PBXFileReference; explicitFileType = wrapper.application; includeInIndex = 0; path = SwiftVocabulary.app; sourceTree = BUILT_PRODUCTS_DIR; };
		FB4FD248237114C2002C2EB6 /* AppDelegate.swift */ = {isa = PBXFileReference; lastKnownFileType = sourcecode.swift; path = AppDelegate.swift; sourceTree = "<group>"; };
		FB4FD24A237114C2002C2EB6 /* SceneDelegate.swift */ = {isa = PBXFileReference; lastKnownFileType = sourcecode.swift; path = SceneDelegate.swift; sourceTree = "<group>"; };
		FB4FD24F237114C2002C2EB6 /* Base */ = {isa = PBXFileReference; lastKnownFileType = file.storyboard; name = Base; path = Base.lproj/Main.storyboard; sourceTree = "<group>"; };
		FB4FD251237114C4002C2EB6 /* Assets.xcassets */ = {isa = PBXFileReference; lastKnownFileType = folder.assetcatalog; path = Assets.xcassets; sourceTree = "<group>"; };
		FB4FD254237114C4002C2EB6 /* Base */ = {isa = PBXFileReference; lastKnownFileType = file.storyboard; name = Base; path = Base.lproj/LaunchScreen.storyboard; sourceTree = "<group>"; };
		FB4FD256237114C4002C2EB6 /* Info.plist */ = {isa = PBXFileReference; lastKnownFileType = text.plist.xml; path = Info.plist; sourceTree = "<group>"; };
		FB4FD25C2371156A002C2EB6 /* WordsTableViewController.swift */ = {isa = PBXFileReference; lastKnownFileType = sourcecode.swift; path = WordsTableViewController.swift; sourceTree = "<group>"; };
		FB4FD25E237115A1002C2EB6 /* DefinitionViewController.swift */ = {isa = PBXFileReference; lastKnownFileType = sourcecode.swift; path = DefinitionViewController.swift; sourceTree = "<group>"; };
		FB4FD26023712903002C2EB6 /* VocabularyWord.swift */ = {isa = PBXFileReference; lastKnownFileType = sourcecode.swift; path = VocabularyWord.swift; sourceTree = "<group>"; };
/* End PBXFileReference section */

/* Begin PBXFrameworksBuildPhase section */
		FB4FD242237114C1002C2EB6 /* Frameworks */ = {
			isa = PBXFrameworksBuildPhase;
			buildActionMask = 2147483647;
			files = (
			);
			runOnlyForDeploymentPostprocessing = 0;
		};
/* End PBXFrameworksBuildPhase section */

/* Begin PBXGroup section */
		FB4FD23C237114C1002C2EB6 = {
			isa = PBXGroup;
			children = (
				FB4FD247237114C1002C2EB6 /* SwiftVocabulary */,
				FB4FD246237114C1002C2EB6 /* Products */,
			);
			sourceTree = "<group>";
		};
		FB4FD246237114C1002C2EB6 /* Products */ = {
			isa = PBXGroup;
			children = (
				FB4FD245237114C1002C2EB6 /* SwiftVocabulary.app */,
			);
			name = Products;
			sourceTree = "<group>";
		};
		FB4FD247237114C1002C2EB6 /* SwiftVocabulary */ = {
			isa = PBXGroup;
			children = (
				FB4FD248237114C2002C2EB6 /* AppDelegate.swift */,
				FB4FD24A237114C2002C2EB6 /* SceneDelegate.swift */,
				FB4FD25C2371156A002C2EB6 /* WordsTableViewController.swift */,
				FB4FD25E237115A1002C2EB6 /* DefinitionViewController.swift */,
				FB4FD26023712903002C2EB6 /* VocabularyWord.swift */,
				FB4FD24E237114C2002C2EB6 /* Main.storyboard */,
				FB4FD251237114C4002C2EB6 /* Assets.xcassets */,
				FB4FD253237114C4002C2EB6 /* LaunchScreen.storyboard */,
				FB4FD256237114C4002C2EB6 /* Info.plist */,
			);
			path = SwiftVocabulary;
			sourceTree = "<group>";
		};
/* End PBXGroup section */

/* Begin PBXNativeTarget section */
		FB4FD244237114C1002C2EB6 /* SwiftVocabulary */ = {
			isa = PBXNativeTarget;
			buildConfigurationList = FB4FD259237114C4002C2EB6 /* Build configuration list for PBXNativeTarget "SwiftVocabulary" */;
			buildPhases = (
				FB4FD241237114C1002C2EB6 /* Sources */,
				FB4FD242237114C1002C2EB6 /* Frameworks */,
				FB4FD243237114C1002C2EB6 /* Resources */,
			);
			buildRules = (
			);
			dependencies = (
			);
			name = SwiftVocabulary;
			productName = SwiftVocabulary;
			productReference = FB4FD245237114C1002C2EB6 /* SwiftVocabulary.app */;
			productType = "com.apple.product-type.application";
		};
/* End PBXNativeTarget section */

/* Begin PBXProject section */
		FB4FD23D237114C1002C2EB6 /* Project object */ = {
			isa = PBXProject;
			attributes = {
				LastSwiftUpdateCheck = 1110;
				LastUpgradeCheck = 1110;
				ORGANIZATIONNAME = Lambda_School_Loaner_219;
				TargetAttributes = {
					FB4FD244237114C1002C2EB6 = {
						CreatedOnToolsVersion = 11.1;
					};
				};
			};
			buildConfigurationList = FB4FD240237114C1002C2EB6 /* Build configuration list for PBXProject "SwiftVocabulary" */;
			compatibilityVersion = "Xcode 9.3";
			developmentRegion = en;
			hasScannedForEncodings = 0;
			knownRegions = (
				en,
				Base,
			);
			mainGroup = FB4FD23C237114C1002C2EB6;
			productRefGroup = FB4FD246237114C1002C2EB6 /* Products */;
			projectDirPath = "";
			projectRoot = "";
			targets = (
				FB4FD244237114C1002C2EB6 /* SwiftVocabulary */,
			);
		};
/* End PBXProject section */

/* Begin PBXResourcesBuildPhase section */
		FB4FD243237114C1002C2EB6 /* Resources */ = {
			isa = PBXResourcesBuildPhase;
			buildActionMask = 2147483647;
			files = (
				FB4FD255237114C4002C2EB6 /* LaunchScreen.storyboard in Resources */,
				FB4FD252237114C4002C2EB6 /* Assets.xcassets in Resources */,
				FB4FD250237114C2002C2EB6 /* Main.storyboard in Resources */,
			);
			runOnlyForDeploymentPostprocessing = 0;
		};
/* End PBXResourcesBuildPhase section */

/* Begin PBXSourcesBuildPhase section */
		FB4FD241237114C1002C2EB6 /* Sources */ = {
			isa = PBXSourcesBuildPhase;
			buildActionMask = 2147483647;
			files = (
				FB4FD249237114C2002C2EB6 /* AppDelegate.swift in Sources */,
				FB4FD24B237114C2002C2EB6 /* SceneDelegate.swift in Sources */,
				FB4FD26123712903002C2EB6 /* VocabularyWord.swift in Sources */,
				FB4FD25D2371156A002C2EB6 /* WordsTableViewController.swift in Sources */,
				FB4FD25F237115A1002C2EB6 /* DefinitionViewController.swift in Sources */,
			);
			runOnlyForDeploymentPostprocessing = 0;
		};
/* End PBXSourcesBuildPhase section */

/* Begin PBXVariantGroup section */
		FB4FD24E237114C2002C2EB6 /* Main.storyboard */ = {
			isa = PBXVariantGroup;
			children = (
				FB4FD24F237114C2002C2EB6 /* Base */,
			);
			name = Main.storyboard;
			sourceTree = "<group>";
		};
		FB4FD253237114C4002C2EB6 /* LaunchScreen.storyboard */ = {
			isa = PBXVariantGroup;
			children = (
				FB4FD254237114C4002C2EB6 /* Base */,
			);
			name = LaunchScreen.storyboard;
			sourceTree = "<group>";
		};
/* End PBXVariantGroup section */

/* Begin XCBuildConfiguration section */
		FB4FD257237114C4002C2EB6 /* Debug */ = {
			isa = XCBuildConfiguration;
			buildSettings = {
				ALWAYS_SEARCH_USER_PATHS = NO;
				CLANG_ANALYZER_NONNULL = YES;
				CLANG_ANALYZER_NUMBER_OBJECT_CONVERSION = YES_AGGRESSIVE;
				CLANG_CXX_LANGUAGE_STANDARD = "gnu++14";
				CLANG_CXX_LIBRARY = "libc++";
				CLANG_ENABLE_MODULES = YES;
				CLANG_ENABLE_OBJC_ARC = YES;
				CLANG_ENABLE_OBJC_WEAK = YES;
				CLANG_WARN_BLOCK_CAPTURE_AUTORELEASING = YES;
				CLANG_WARN_BOOL_CONVERSION = YES;
				CLANG_WARN_COMMA = YES;
				CLANG_WARN_CONSTANT_CONVERSION = YES;
				CLANG_WARN_DEPRECATED_OBJC_IMPLEMENTATIONS = YES;
				CLANG_WARN_DIRECT_OBJC_ISA_USAGE = YES_ERROR;
				CLANG_WARN_DOCUMENTATION_COMMENTS = YES;
				CLANG_WARN_EMPTY_BODY = YES;
				CLANG_WARN_ENUM_CONVERSION = YES;
				CLANG_WARN_INFINITE_RECURSION = YES;
				CLANG_WARN_INT_CONVERSION = YES;
				CLANG_WARN_NON_LITERAL_NULL_CONVERSION = YES;
				CLANG_WARN_OBJC_IMPLICIT_RETAIN_SELF = YES;
				CLANG_WARN_OBJC_LITERAL_CONVERSION = YES;
				CLANG_WARN_OBJC_ROOT_CLASS = YES_ERROR;
				CLANG_WARN_RANGE_LOOP_ANALYSIS = YES;
				CLANG_WARN_STRICT_PROTOTYPES = YES;
				CLANG_WARN_SUSPICIOUS_MOVE = YES;
				CLANG_WARN_UNGUARDED_AVAILABILITY = YES_AGGRESSIVE;
				CLANG_WARN_UNREACHABLE_CODE = YES;
				CLANG_WARN__DUPLICATE_METHOD_MATCH = YES;
				COPY_PHASE_STRIP = NO;
				DEBUG_INFORMATION_FORMAT = dwarf;
				ENABLE_STRICT_OBJC_MSGSEND = YES;
				ENABLE_TESTABILITY = YES;
				GCC_C_LANGUAGE_STANDARD = gnu11;
				GCC_DYNAMIC_NO_PIC = NO;
				GCC_NO_COMMON_BLOCKS = YES;
				GCC_OPTIMIZATION_LEVEL = 0;
				GCC_PREPROCESSOR_DEFINITIONS = (
					"DEBUG=1",
					"$(inherited)",
				);
				GCC_WARN_64_TO_32_BIT_CONVERSION = YES;
				GCC_WARN_ABOUT_RETURN_TYPE = YES_ERROR;
				GCC_WARN_UNDECLARED_SELECTOR = YES;
				GCC_WARN_UNINITIALIZED_AUTOS = YES_AGGRESSIVE;
				GCC_WARN_UNUSED_FUNCTION = YES;
				GCC_WARN_UNUSED_VARIABLE = YES;
				IPHONEOS_DEPLOYMENT_TARGET = 13.1;
				MTL_ENABLE_DEBUG_INFO = INCLUDE_SOURCE;
				MTL_FAST_MATH = YES;
				ONLY_ACTIVE_ARCH = YES;
				SDKROOT = iphoneos;
				SWIFT_ACTIVE_COMPILATION_CONDITIONS = DEBUG;
				SWIFT_OPTIMIZATION_LEVEL = "-Onone";
			};
			name = Debug;
		};
		FB4FD258237114C4002C2EB6 /* Release */ = {
			isa = XCBuildConfiguration;
			buildSettings = {
				ALWAYS_SEARCH_USER_PATHS = NO;
				CLANG_ANALYZER_NONNULL = YES;
				CLANG_ANALYZER_NUMBER_OBJECT_CONVERSION = YES_AGGRESSIVE;
				CLANG_CXX_LANGUAGE_STANDARD = "gnu++14";
				CLANG_CXX_LIBRARY = "libc++";
				CLANG_ENABLE_MODULES = YES;
				CLANG_ENABLE_OBJC_ARC = YES;
				CLANG_ENABLE_OBJC_WEAK = YES;
				CLANG_WARN_BLOCK_CAPTURE_AUTORELEASING = YES;
				CLANG_WARN_BOOL_CONVERSION = YES;
				CLANG_WARN_COMMA = YES;
				CLANG_WARN_CONSTANT_CONVERSION = YES;
				CLANG_WARN_DEPRECATED_OBJC_IMPLEMENTATIONS = YES;
				CLANG_WARN_DIRECT_OBJC_ISA_USAGE = YES_ERROR;
				CLANG_WARN_DOCUMENTATION_COMMENTS = YES;
				CLANG_WARN_EMPTY_BODY = YES;
				CLANG_WARN_ENUM_CONVERSION = YES;
				CLANG_WARN_INFINITE_RECURSION = YES;
				CLANG_WARN_INT_CONVERSION = YES;
				CLANG_WARN_NON_LITERAL_NULL_CONVERSION = YES;
				CLANG_WARN_OBJC_IMPLICIT_RETAIN_SELF = YES;
				CLANG_WARN_OBJC_LITERAL_CONVERSION = YES;
				CLANG_WARN_OBJC_ROOT_CLASS = YES_ERROR;
				CLANG_WARN_RANGE_LOOP_ANALYSIS = YES;
				CLANG_WARN_STRICT_PROTOTYPES = YES;
				CLANG_WARN_SUSPICIOUS_MOVE = YES;
				CLANG_WARN_UNGUARDED_AVAILABILITY = YES_AGGRESSIVE;
				CLANG_WARN_UNREACHABLE_CODE = YES;
				CLANG_WARN__DUPLICATE_METHOD_MATCH = YES;
				COPY_PHASE_STRIP = NO;
				DEBUG_INFORMATION_FORMAT = "dwarf-with-dsym";
				ENABLE_NS_ASSERTIONS = NO;
				ENABLE_STRICT_OBJC_MSGSEND = YES;
				GCC_C_LANGUAGE_STANDARD = gnu11;
				GCC_NO_COMMON_BLOCKS = YES;
				GCC_WARN_64_TO_32_BIT_CONVERSION = YES;
				GCC_WARN_ABOUT_RETURN_TYPE = YES_ERROR;
				GCC_WARN_UNDECLARED_SELECTOR = YES;
				GCC_WARN_UNINITIALIZED_AUTOS = YES_AGGRESSIVE;
				GCC_WARN_UNUSED_FUNCTION = YES;
				GCC_WARN_UNUSED_VARIABLE = YES;
				IPHONEOS_DEPLOYMENT_TARGET = 13.1;
				MTL_ENABLE_DEBUG_INFO = NO;
				MTL_FAST_MATH = YES;
				SDKROOT = iphoneos;
				SWIFT_COMPILATION_MODE = wholemodule;
				SWIFT_OPTIMIZATION_LEVEL = "-O";
				VALIDATE_PRODUCT = YES;
			};
			name = Release;
		};
		FB4FD25A237114C4002C2EB6 /* Debug */ = {
			isa = XCBuildConfiguration;
			buildSettings = {
				ASSETCATALOG_COMPILER_APPICON_NAME = AppIcon;
				CODE_SIGN_STYLE = Automatic;
				DEVELOPMENT_TEAM = 4JYCUK7B5K;
				INFOPLIST_FILE = SwiftVocabulary/Info.plist;
				LD_RUNPATH_SEARCH_PATHS = (
					"$(inherited)",
					"@executable_path/Frameworks",
				);
				PRODUCT_BUNDLE_IDENTIFIER = lambda.SwiftVocabulary;
				PRODUCT_NAME = "$(TARGET_NAME)";
				SWIFT_VERSION = 5.0;
				TARGETED_DEVICE_FAMILY = "1,2";
			};
			name = Debug;
		};
		FB4FD25B237114C4002C2EB6 /* Release */ = {
			isa = XCBuildConfiguration;
			buildSettings = {
				ASSETCATALOG_COMPILER_APPICON_NAME = AppIcon;
				CODE_SIGN_STYLE = Automatic;
				DEVELOPMENT_TEAM = 4JYCUK7B5K;
				INFOPLIST_FILE = SwiftVocabulary/Info.plist;
				LD_RUNPATH_SEARCH_PATHS = (
					"$(inherited)",
					"@executable_path/Frameworks",
				);
				PRODUCT_BUNDLE_IDENTIFIER = lambda.SwiftVocabulary;
				PRODUCT_NAME = "$(TARGET_NAME)";
				SWIFT_VERSION = 5.0;
				TARGETED_DEVICE_FAMILY = "1,2";
			};
			name = Release;
		};
/* End XCBuildConfiguration section */

/* Begin XCConfigurationList section */
		FB4FD240237114C1002C2EB6 /* Build configuration list for PBXProject "SwiftVocabulary" */ = {
			isa = XCConfigurationList;
			buildConfigurations = (
				FB4FD257237114C4002C2EB6 /* Debug */,
				FB4FD258237114C4002C2EB6 /* Release */,
			);
			defaultConfigurationIsVisible = 0;
			defaultConfigurationName = Release;
		};
		FB4FD259237114C4002C2EB6 /* Build configuration list for PBXNativeTarget "SwiftVocabulary" */ = {
			isa = XCConfigurationList;
			buildConfigurations = (
				FB4FD25A237114C4002C2EB6 /* Debug */,
				FB4FD25B237114C4002C2EB6 /* Release */,
			);
			defaultConfigurationIsVisible = 0;
			defaultConfigurationName = Release;
		};
/* End XCConfigurationList section */
	};
	rootObject = FB4FD23D237114C1002C2EB6 /* Project object */;
}
